// !$*UTF8*$!
{
	archiveVersion = 1;
	classes = {
	};
	objectVersion = 46;
	objects = {

/* Begin PBXBuildFile section */
		006378BE1E4917F0008F7981 /* libcrypto.a in Frameworks */ = {isa = PBXBuildFile; fileRef = 006378BC1E4917F0008F7981 /* libcrypto.a */; };
		006378BF1E4917F0008F7981 /* libssl.a in Frameworks */ = {isa = PBXBuildFile; fileRef = 006378BD1E4917F0008F7981 /* libssl.a */; };
		006379101E4938D7008F7981 /* libboost_filesystem.dylib in Frameworks */ = {isa = PBXBuildFile; fileRef = 0063790D1E4938D7008F7981 /* libboost_filesystem.dylib */; };
		006379111E4938D7008F7981 /* libboost_iostreams.dylib in Frameworks */ = {isa = PBXBuildFile; fileRef = 0063790E1E4938D7008F7981 /* libboost_iostreams.dylib */; };
		006379121E4938D7008F7981 /* libboost_system.dylib in Frameworks */ = {isa = PBXBuildFile; fileRef = 0063790F1E4938D7008F7981 /* libboost_system.dylib */; };
		006379131E493A0C008F7981 /* client.cpp in Sources */ = {isa = PBXBuildFile; fileRef = 006379061E493605008F7981 /* client.cpp */; };
/* End PBXBuildFile section */

/* Begin PBXCopyFilesBuildPhase section */
		006344531E4900FB008F7981 /* CopyFiles */ = {
			isa = PBXCopyFilesBuildPhase;
			buildActionMask = 2147483647;
			dstPath = /usr/share/man/man1/;
			dstSubfolderSpec = 0;
			files = (
			);
			runOnlyForDeploymentPostprocessing = 1;
		};
/* End PBXCopyFilesBuildPhase section */

/* Begin PBXFileReference section */
		006344551E4900FB008F7981 /* BoostTest */ = {isa = PBXFileReference; explicitFileType = "compiled.mach-o.executable"; includeInIndex = 0; path = BoostTest; sourceTree = BUILT_PRODUCTS_DIR; };
		006344581E4900FB008F7981 /* server.cpp */ = {isa = PBXFileReference; lastKnownFileType = sourcecode.cpp.cpp; path = server.cpp; sourceTree = "<group>"; };
		006378BC1E4917F0008F7981 /* libcrypto.a */ = {isa = PBXFileReference; lastKnownFileType = archive.ar; name = libcrypto.a; path = "../../../../usr/local/ssl/macos-x86_64/lib/libcrypto.a"; sourceTree = "<group>"; };
		006378BD1E4917F0008F7981 /* libssl.a */ = {isa = PBXFileReference; lastKnownFileType = archive.ar; name = libssl.a; path = "../../../../usr/local/ssl/macos-x86_64/lib/libssl.a"; sourceTree = "<group>"; };
		006379061E493605008F7981 /* client.cpp */ = {isa = PBXFileReference; fileEncoding = 4; lastKnownFileType = sourcecode.cpp.cpp; path = client.cpp; sourceTree = "<group>"; };
		006379081E4936E3008F7981 /* dh2048.pem */ = {isa = PBXFileReference; fileEncoding = 4; lastKnownFileType = text; path = dh2048.pem; sourceTree = "<group>"; };
		006379091E4936E3008F7981 /* rootca.crt */ = {isa = PBXFileReference; fileEncoding = 4; lastKnownFileType = text; path = rootca.crt; sourceTree = "<group>"; };
		0063790A1E4936E3008F7981 /* user.crt */ = {isa = PBXFileReference; fileEncoding = 4; lastKnownFileType = text; path = user.crt; sourceTree = "<group>"; };
		0063790B1E4936E3008F7981 /* user.key */ = {isa = PBXFileReference; fileEncoding = 4; lastKnownFileType = text; path = user.key; sourceTree = "<group>"; };
		0063790D1E4938D7008F7981 /* libboost_filesystem.dylib */ = {isa = PBXFileReference; lastKnownFileType = "compiled.mach-o.dylib"; path = libboost_filesystem.dylib; sourceTree = "<group>"; };
		0063790E1E4938D7008F7981 /* libboost_iostreams.dylib */ = {isa = PBXFileReference; lastKnownFileType = "compiled.mach-o.dylib"; path = libboost_iostreams.dylib; sourceTree = "<group>"; };
		0063790F1E4938D7008F7981 /* libboost_system.dylib */ = {isa = PBXFileReference; lastKnownFileType = "compiled.mach-o.dylib"; path = libboost_system.dylib; sourceTree = "<group>"; };
/* End PBXFileReference section */

/* Begin PBXFrameworksBuildPhase section */
		006344521E4900FB008F7981 /* Frameworks */ = {
			isa = PBXFrameworksBuildPhase;
			buildActionMask = 2147483647;
			files = (
				006379101E4938D7008F7981 /* libboost_filesystem.dylib in Frameworks */,
				006378BF1E4917F0008F7981 /* libssl.a in Frameworks */,
				006379121E4938D7008F7981 /* libboost_system.dylib in Frameworks */,
				006379111E4938D7008F7981 /* libboost_iostreams.dylib in Frameworks */,
				006378BE1E4917F0008F7981 /* libcrypto.a in Frameworks */,
			);
			runOnlyForDeploymentPostprocessing = 0;
		};
/* End PBXFrameworksBuildPhase section */

/* Begin PBXGroup section */
		0063444C1E4900FB008F7981 = {
			isa = PBXGroup;
			children = (
				006379081E4936E3008F7981 /* dh2048.pem */,
				006379091E4936E3008F7981 /* rootca.crt */,
				0063790A1E4936E3008F7981 /* user.crt */,
				0063790B1E4936E3008F7981 /* user.key */,
				006344571E4900FB008F7981 /* BoostTest */,
				006344561E4900FB008F7981 /* Products */,
				006378BC1E4917F0008F7981 /* libcrypto.a */,
				006378BD1E4917F0008F7981 /* libssl.a */,
				0063790D1E4938D7008F7981 /* libboost_filesystem.dylib */,
				0063790E1E4938D7008F7981 /* libboost_iostreams.dylib */,
				0063790F1E4938D7008F7981 /* libboost_system.dylib */,
			);
			sourceTree = "<group>";
		};
		006344561E4900FB008F7981 /* Products */ = {
			isa = PBXGroup;
			children = (
				006344551E4900FB008F7981 /* BoostTest */,
			);
			name = Products;
			sourceTree = "<group>";
		};
		006344571E4900FB008F7981 /* BoostTest */ = {
			isa = PBXGroup;
			children = (
				006344581E4900FB008F7981 /* server.cpp */,
				006379061E493605008F7981 /* client.cpp */,
			);
			path = BoostTest;
			sourceTree = "<group>";
		};
/* End PBXGroup section */

/* Begin PBXNativeTarget section */
		006344541E4900FB008F7981 /* BoostTest */ = {
			isa = PBXNativeTarget;
			buildConfigurationList = 0063445C1E4900FB008F7981 /* Build configuration list for PBXNativeTarget "BoostTest" */;
			buildPhases = (
				006344511E4900FB008F7981 /* Sources */,
				006344521E4900FB008F7981 /* Frameworks */,
				006344531E4900FB008F7981 /* CopyFiles */,
			);
			buildRules = (
			);
			dependencies = (
			);
			name = BoostTest;
			productName = BoostTest;
			productReference = 006344551E4900FB008F7981 /* BoostTest */;
			productType = "com.apple.product-type.tool";
		};
/* End PBXNativeTarget section */

/* Begin PBXProject section */
		0063444D1E4900FB008F7981 /* Project object */ = {
			isa = PBXProject;
			attributes = {
				LastUpgradeCheck = 0820;
				ORGANIZATIONNAME = "Jeki Ulko";
				TargetAttributes = {
					006344541E4900FB008F7981 = {
						CreatedOnToolsVersion = 8.2.1;
						ProvisioningStyle = Automatic;
					};
				};
			};
			buildConfigurationList = 006344501E4900FB008F7981 /* Build configuration list for PBXProject "BoostTest" */;
			compatibilityVersion = "Xcode 3.2";
			developmentRegion = English;
			hasScannedForEncodings = 0;
			knownRegions = (
				en,
			);
			mainGroup = 0063444C1E4900FB008F7981;
			productRefGroup = 006344561E4900FB008F7981 /* Products */;
			projectDirPath = "";
			projectRoot = "";
			targets = (
				006344541E4900FB008F7981 /* BoostTest */,
			);
		};
/* End PBXProject section */

/* Begin PBXSourcesBuildPhase section */
		006344511E4900FB008F7981 /* Sources */ = {
			isa = PBXSourcesBuildPhase;
			buildActionMask = 2147483647;
			files = (
				006379131E493A0C008F7981 /* client.cpp in Sources */,
			);
			runOnlyForDeploymentPostprocessing = 0;
		};
/* End PBXSourcesBuildPhase section */

/* Begin XCBuildConfiguration section */
		0063445A1E4900FB008F7981 /* Debug */ = {
			isa = XCBuildConfiguration;
			buildSettings = {
				ALWAYS_SEARCH_USER_PATHS = NO;
				CLANG_ANALYZER_NONNULL = YES;
				CLANG_CXX_LANGUAGE_STANDARD = "gnu++0x";
				CLANG_CXX_LIBRARY = "libc++";
				CLANG_ENABLE_MODULES = YES;
				CLANG_ENABLE_OBJC_ARC = YES;
				CLANG_WARN_BOOL_CONVERSION = YES;
				CLANG_WARN_CONSTANT_CONVERSION = YES;
				CLANG_WARN_DIRECT_OBJC_ISA_USAGE = YES_ERROR;
				CLANG_WARN_DOCUMENTATION_COMMENTS = YES;
				CLANG_WARN_EMPTY_BODY = YES;
				CLANG_WARN_ENUM_CONVERSION = YES;
				CLANG_WARN_INFINITE_RECURSION = YES;
				CLANG_WARN_INT_CONVERSION = YES;
				CLANG_WARN_OBJC_ROOT_CLASS = YES_ERROR;
				CLANG_WARN_SUSPICIOUS_MOVE = YES;
				CLANG_WARN_UNREACHABLE_CODE = YES;
				CLANG_WARN__DUPLICATE_METHOD_MATCH = YES;
				CODE_SIGN_IDENTITY = "-";
				COPY_PHASE_STRIP = NO;
				DEBUG_INFORMATION_FORMAT = dwarf;
				ENABLE_STRICT_OBJC_MSGSEND = YES;
				ENABLE_TESTABILITY = YES;
				GCC_C_LANGUAGE_STANDARD = gnu99;
				GCC_DYNAMIC_NO_PIC = NO;
				GCC_NO_COMMON_BLOCKS = YES;
				GCC_OPTIMIZATION_LEVEL = 0;
				GCC_PREPROCESSOR_DEFINITIONS = (
					"DEBUG=1",
					"$(inherited)",
				);
				GCC_WARN_64_TO_32_BIT_CONVERSION = YES;
				GCC_WARN_ABOUT_RETURN_TYPE = YES_ERROR;
				GCC_WARN_UNDECLARED_SELECTOR = YES;
				GCC_WARN_UNINITIALIZED_AUTOS = YES_AGGRESSIVE;
				GCC_WARN_UNUSED_FUNCTION = YES;
				GCC_WARN_UNUSED_VARIABLE = YES;
				MACOSX_DEPLOYMENT_TARGET = 10.12;
				MTL_ENABLE_DEBUG_INFO = YES;
				ONLY_ACTIVE_ARCH = YES;
				SDKROOT = macosx;
			};
			name = Debug;
		};
		0063445B1E4900FB008F7981 /* Release */ = {
			isa = XCBuildConfiguration;
			buildSettings = {
				ALWAYS_SEARCH_USER_PATHS = NO;
				CLANG_ANALYZER_NONNULL = YES;
				CLANG_CXX_LANGUAGE_STANDARD = "gnu++0x";
				CLANG_CXX_LIBRARY = "libc++";
				CLANG_ENABLE_MODULES = YES;
				CLANG_ENABLE_OBJC_ARC = YES;
				CLANG_WARN_BOOL_CONVERSION = YES;
				CLANG_WARN_CONSTANT_CONVERSION = YES;
				CLANG_WARN_DIRECT_OBJC_ISA_USAGE = YES_ERROR;
				CLANG_WARN_DOCUMENTATION_COMMENTS = YES;
				CLANG_WARN_EMPTY_BODY = YES;
				CLANG_WARN_ENUM_CONVERSION = YES;
				CLANG_WARN_INFINITE_RECURSION = YES;
				CLANG_WARN_INT_CONVERSION = YES;
				CLANG_WARN_OBJC_ROOT_CLASS = YES_ERROR;
				CLANG_WARN_SUSPICIOUS_MOVE = YES;
				CLANG_WARN_UNREACHABLE_CODE = YES;
				CLANG_WARN__DUPLICATE_METHOD_MATCH = YES;
				CODE_SIGN_IDENTITY = "-";
				COPY_PHASE_STRIP = NO;
				DEBUG_INFORMATION_FORMAT = "dwarf-with-dsym";
				ENABLE_NS_ASSERTIONS = NO;
				ENABLE_STRICT_OBJC_MSGSEND = YES;
				GCC_C_LANGUAGE_STANDARD = gnu99;
				GCC_NO_COMMON_BLOCKS = YES;
				GCC_WARN_64_TO_32_BIT_CONVERSION = YES;
				GCC_WARN_ABOUT_RETURN_TYPE = YES_ERROR;
				GCC_WARN_UNDECLARED_SELECTOR = YES;
				GCC_WARN_UNINITIALIZED_AUTOS = YES_AGGRESSIVE;
				GCC_WARN_UNUSED_FUNCTION = YES;
				GCC_WARN_UNUSED_VARIABLE = YES;
				MACOSX_DEPLOYMENT_TARGET = 10.12;
				MTL_ENABLE_DEBUG_INFO = NO;
				SDKROOT = macosx;
			};
			name = Release;
		};
		0063445D1E4900FB008F7981 /* Debug */ = {
			isa = XCBuildConfiguration;
			buildSettings = {
				FRAMEWORK_SEARCH_PATHS = /usr/local/boost_1_63_0/lib;
				HEADER_SEARCH_PATHS = (
					"/usr/local/ssl/macos-x86_64/include",
					/usr/local/boost_1_63_0/include,
				);
				LIBRARY_SEARCH_PATHS = (
					"$(inherited)",
					"$(PROJECT_DIR)",
					"/usr/local/ssl/macos-x86_64/lib",
					/usr/local/boost_1_63_0/lib,
				);
				PRODUCT_NAME = "$(TARGET_NAME)";
			};
			name = Debug;
		};
		0063445E1E4900FB008F7981 /* Release */ = {
			isa = XCBuildConfiguration;
			buildSettings = {
				FRAMEWORK_SEARCH_PATHS = /usr/local/boost_1_63_0/lib;
				HEADER_SEARCH_PATHS = (
					"/usr/local/ssl/macos-x86_64/include",
					/usr/local/boost_1_63_0/include,
				);
				LIBRARY_SEARCH_PATHS = (
					"$(inherited)",
					"$(PROJECT_DIR)",
					"/usr/local/ssl/macos-x86_64/lib",
					/usr/local/boost_1_63_0/lib,
				);
				PRODUCT_NAME = "$(TARGET_NAME)";
			};
			name = Release;
		};
/* End XCBuildConfiguration section */

/* Begin XCConfigurationList section */
		006344501E4900FB008F7981 /* Build configuration list for PBXProject "BoostTest" */ = {
			isa = XCConfigurationList;
			buildConfigurations = (
				0063445A1E4900FB008F7981 /* Debug */,
				0063445B1E4900FB008F7981 /* Release */,
			);
			defaultConfigurationIsVisible = 0;
			defaultConfigurationName = Release;
		};
		0063445C1E4900FB008F7981 /* Build configuration list for PBXNativeTarget "BoostTest" */ = {
			isa = XCConfigurationList;
			buildConfigurations = (
				0063445D1E4900FB008F7981 /* Debug */,
				0063445E1E4900FB008F7981 /* Release */,
			);
			defaultConfigurationIsVisible = 0;
		};
/* End XCConfigurationList section */
	};
	rootObject = 0063444D1E4900FB008F7981 /* Project object */;
}
