// !$*UTF8*$!
{
	archiveVersion = 1;
	classes = {
	};
	objectVersion = 46;
	objects = {

/* Begin PBXBuildFile section */
		00EB454B1E564AC000B6E9A7 /* Client.cpp in Sources */ = {isa = PBXBuildFile; fileRef = 00EB45491E564AB900B6E9A7 /* Client.cpp */; };
		00EB456C1E564BCF00B6E9A7 /* libboost_filesystem.a in Frameworks */ = {isa = PBXBuildFile; fileRef = 00EB45661E564BCF00B6E9A7 /* libboost_filesystem.a */; };
		00EB456D1E564BCF00B6E9A7 /* libboost_system.a in Frameworks */ = {isa = PBXBuildFile; fileRef = 00EB45671E564BCF00B6E9A7 /* libboost_system.a */; };
		00EB456E1E564BCF00B6E9A7 /* libboost_thread.a in Frameworks */ = {isa = PBXBuildFile; fileRef = 00EB45681E564BCF00B6E9A7 /* libboost_thread.a */; };
		00EB456F1E564BCF00B6E9A7 /* libboost_timer.a in Frameworks */ = {isa = PBXBuildFile; fileRef = 00EB45691E564BCF00B6E9A7 /* libboost_timer.a */; };
		00EB45701E564BCF00B6E9A7 /* libcrypto.a in Frameworks */ = {isa = PBXBuildFile; fileRef = 00EB456A1E564BCF00B6E9A7 /* libcrypto.a */; };
		00EB45711E564BCF00B6E9A7 /* libssl.a in Frameworks */ = {isa = PBXBuildFile; fileRef = 00EB456B1E564BCF00B6E9A7 /* libssl.a */; };
		00EE802F1E5B7AEF00CC6488 /* Client.h in Headers */ = {isa = PBXBuildFile; fileRef = 00EE802E1E5B7AEF00CC6488 /* Client.h */; };
/* End PBXBuildFile section */

/* Begin PBXFileReference section */
		00EB45331E56474A00B6E9A7 /* lib2BytesNetwork.a */ = {isa = PBXFileReference; explicitFileType = archive.ar; includeInIndex = 0; path = lib2BytesNetwork.a; sourceTree = BUILT_PRODUCTS_DIR; };
		00EB45491E564AB900B6E9A7 /* Client.cpp */ = {isa = PBXFileReference; lastKnownFileType = sourcecode.cpp.cpp; path = Client.cpp; sourceTree = "<group>"; };
		00EB45661E564BCF00B6E9A7 /* libboost_filesystem.a */ = {isa = PBXFileReference; lastKnownFileType = archive.ar; name = libboost_filesystem.a; path = ../libs/lib/macOS/libboost_filesystem.a; sourceTree = "<group>"; };
		00EB45671E564BCF00B6E9A7 /* libboost_system.a */ = {isa = PBXFileReference; lastKnownFileType = archive.ar; name = libboost_system.a; path = ../libs/lib/macOS/libboost_system.a; sourceTree = "<group>"; };
		00EB45681E564BCF00B6E9A7 /* libboost_thread.a */ = {isa = PBXFileReference; lastKnownFileType = archive.ar; name = libboost_thread.a; path = ../libs/lib/macOS/libboost_thread.a; sourceTree = "<group>"; };
		00EB45691E564BCF00B6E9A7 /* libboost_timer.a */ = {isa = PBXFileReference; lastKnownFileType = archive.ar; name = libboost_timer.a; path = ../libs/lib/macOS/libboost_timer.a; sourceTree = "<group>"; };
		00EB456A1E564BCF00B6E9A7 /* libcrypto.a */ = {isa = PBXFileReference; lastKnownFileType = archive.ar; name = libcrypto.a; path = ../libs/lib/macOS/libcrypto.a; sourceTree = "<group>"; };
		00EB456B1E564BCF00B6E9A7 /* libssl.a */ = {isa = PBXFileReference; lastKnownFileType = archive.ar; name = libssl.a; path = ../libs/lib/macOS/libssl.a; sourceTree = "<group>"; };
		00EE802E1E5B7AEF00CC6488 /* Client.h */ = {isa = PBXFileReference; fileEncoding = 4; lastKnownFileType = sourcecode.c.h; name = Client.h; path = ../../include/Client.h; sourceTree = "<group>"; };
/* End PBXFileReference section */

/* Begin PBXFrameworksBuildPhase section */
		00EB45301E56474A00B6E9A7 /* Frameworks */ = {
			isa = PBXFrameworksBuildPhase;
			buildActionMask = 2147483647;
			files = (
				00EB456C1E564BCF00B6E9A7 /* libboost_filesystem.a in Frameworks */,
				00EB456D1E564BCF00B6E9A7 /* libboost_system.a in Frameworks */,
				00EB456E1E564BCF00B6E9A7 /* libboost_thread.a in Frameworks */,
				00EB456F1E564BCF00B6E9A7 /* libboost_timer.a in Frameworks */,
				00EB45701E564BCF00B6E9A7 /* libcrypto.a in Frameworks */,
				00EB45711E564BCF00B6E9A7 /* libssl.a in Frameworks */,
			);
			runOnlyForDeploymentPostprocessing = 0;
		};
/* End PBXFrameworksBuildPhase section */

/* Begin PBXGroup section */
		00EB452A1E56474A00B6E9A7 = {
			isa = PBXGroup;
			children = (
				00EB45481E564AB900B6E9A7 /* Classes */,
				00EB453A1E56484800B6E9A7 /* Libraries */,
				00EB45341E56474A00B6E9A7 /* Products */,
				00EB45651E564BCF00B6E9A7 /* Frameworks */,
			);
			sourceTree = "<group>";
		};
		00EB45341E56474A00B6E9A7 /* Products */ = {
			isa = PBXGroup;
			children = (
				00EB45331E56474A00B6E9A7 /* lib2BytesNetwork.a */,
			);
			name = Products;
			sourceTree = "<group>";
		};
		00EB453A1E56484800B6E9A7 /* Libraries */ = {
			isa = PBXGroup;
			children = (
			);
			name = Libraries;
			sourceTree = "<group>";
		};
		00EB45481E564AB900B6E9A7 /* Classes */ = {
			isa = PBXGroup;
			children = (
				00EB45491E564AB900B6E9A7 /* Client.cpp */,
				00EE802E1E5B7AEF00CC6488 /* Client.h */,
			);
			name = Classes;
			path = ../Classes;
			sourceTree = "<group>";
		};
		00EB45651E564BCF00B6E9A7 /* Frameworks */ = {
			isa = PBXGroup;
			children = (
				00EB45661E564BCF00B6E9A7 /* libboost_filesystem.a */,
				00EB45671E564BCF00B6E9A7 /* libboost_system.a */,
				00EB45681E564BCF00B6E9A7 /* libboost_thread.a */,
				00EB45691E564BCF00B6E9A7 /* libboost_timer.a */,
				00EB456A1E564BCF00B6E9A7 /* libcrypto.a */,
				00EB456B1E564BCF00B6E9A7 /* libssl.a */,
			);
			name = Frameworks;
			sourceTree = "<group>";
		};
/* End PBXGroup section */

/* Begin PBXHeadersBuildPhase section */
		00EB45311E56474A00B6E9A7 /* Headers */ = {
			isa = PBXHeadersBuildPhase;
			buildActionMask = 2147483647;
			files = (
				00EE802F1E5B7AEF00CC6488 /* Client.h in Headers */,
			);
			runOnlyForDeploymentPostprocessing = 0;
		};
/* End PBXHeadersBuildPhase section */

/* Begin PBXNativeTarget section */
		00EB45321E56474A00B6E9A7 /* 2BytesNetwork */ = {
			isa = PBXNativeTarget;
			buildConfigurationList = 00EB45371E56474A00B6E9A7 /* Build configuration list for PBXNativeTarget "2BytesNetwork" */;
			buildPhases = (
				00EB452F1E56474A00B6E9A7 /* Sources */,
				00EB45301E56474A00B6E9A7 /* Frameworks */,
				00EB45311E56474A00B6E9A7 /* Headers */,
			);
			buildRules = (
			);
			dependencies = (
			);
			name = 2BytesNetwork;
			productName = 2BytesNetworkLib;
			productReference = 00EB45331E56474A00B6E9A7 /* lib2BytesNetwork.a */;
			productType = "com.apple.product-type.library.static";
		};
/* End PBXNativeTarget section */

/* Begin PBXProject section */
		00EB452B1E56474A00B6E9A7 /* Project object */ = {
			isa = PBXProject;
			attributes = {
				LastUpgradeCheck = 0820;
				ORGANIZATIONNAME = 2Bytes;
				TargetAttributes = {
					00EB45321E56474A00B6E9A7 = {
						CreatedOnToolsVersion = 8.2.1;
						ProvisioningStyle = Automatic;
					};
				};
			};
			buildConfigurationList = 00EB452E1E56474A00B6E9A7 /* Build configuration list for PBXProject "2BytesNetworkLib" */;
			compatibilityVersion = "Xcode 3.2";
			developmentRegion = English;
			hasScannedForEncodings = 0;
			knownRegions = (
				en,
			);
			mainGroup = 00EB452A1E56474A00B6E9A7;
			productRefGroup = 00EB45341E56474A00B6E9A7 /* Products */;
			projectDirPath = "";
			projectRoot = "";
			targets = (
				00EB45321E56474A00B6E9A7 /* 2BytesNetwork */,
			);
		};
/* End PBXProject section */

/* Begin PBXSourcesBuildPhase section */
		00EB452F1E56474A00B6E9A7 /* Sources */ = {
			isa = PBXSourcesBuildPhase;
			buildActionMask = 2147483647;
			files = (
				00EB454B1E564AC000B6E9A7 /* Client.cpp in Sources */,
			);
			runOnlyForDeploymentPostprocessing = 0;
		};
/* End PBXSourcesBuildPhase section */

/* Begin XCBuildConfiguration section */
		00EB45351E56474A00B6E9A7 /* Debug */ = {
			isa = XCBuildConfiguration;
			buildSettings = {
				ALWAYS_SEARCH_USER_PATHS = NO;
				CLANG_ANALYZER_NONNULL = YES;
				CLANG_CXX_LANGUAGE_STANDARD = "gnu++0x";
				CLANG_CXX_LIBRARY = "libc++";
				CLANG_ENABLE_MODULES = YES;
				CLANG_ENABLE_OBJC_ARC = YES;
				CLANG_WARN_BOOL_CONVERSION = YES;
				CLANG_WARN_CONSTANT_CONVERSION = YES;
				CLANG_WARN_DIRECT_OBJC_ISA_USAGE = YES_ERROR;
				CLANG_WARN_DOCUMENTATION_COMMENTS = YES;
				CLANG_WARN_EMPTY_BODY = YES;
				CLANG_WARN_ENUM_CONVERSION = YES;
				CLANG_WARN_INFINITE_RECURSION = YES;
				CLANG_WARN_INT_CONVERSION = YES;
				CLANG_WARN_OBJC_ROOT_CLASS = YES_ERROR;
				CLANG_WARN_SUSPICIOUS_MOVE = YES;
				CLANG_WARN_UNREACHABLE_CODE = YES;
				CLANG_WARN__DUPLICATE_METHOD_MATCH = YES;
				CODE_SIGN_IDENTITY = "-";
				COPY_PHASE_STRIP = NO;
				DEBUG_INFORMATION_FORMAT = dwarf;
				ENABLE_STRICT_OBJC_MSGSEND = YES;
				ENABLE_TESTABILITY = YES;
				GCC_C_LANGUAGE_STANDARD = gnu99;
				GCC_DYNAMIC_NO_PIC = NO;
				GCC_NO_COMMON_BLOCKS = YES;
				GCC_OPTIMIZATION_LEVEL = 0;
				GCC_PREPROCESSOR_DEFINITIONS = (
					"DEBUG=1",
					"$(inherited)",
				);
				GCC_WARN_64_TO_32_BIT_CONVERSION = YES;
				GCC_WARN_ABOUT_RETURN_TYPE = YES_ERROR;
				GCC_WARN_UNDECLARED_SELECTOR = YES;
				GCC_WARN_UNINITIALIZED_AUTOS = YES_AGGRESSIVE;
				GCC_WARN_UNUSED_FUNCTION = YES;
				GCC_WARN_UNUSED_VARIABLE = YES;
				MACOSX_DEPLOYMENT_TARGET = 10.12;
				MTL_ENABLE_DEBUG_INFO = YES;
				ONLY_ACTIVE_ARCH = YES;
				SDKROOT = macosx;
			};
			name = Debug;
		};
		00EB45361E56474A00B6E9A7 /* Release */ = {
			isa = XCBuildConfiguration;
			buildSettings = {
				ALWAYS_SEARCH_USER_PATHS = NO;
				CLANG_ANALYZER_NONNULL = YES;
				CLANG_CXX_LANGUAGE_STANDARD = "gnu++0x";
				CLANG_CXX_LIBRARY = "libc++";
				CLANG_ENABLE_MODULES = YES;
				CLANG_ENABLE_OBJC_ARC = YES;
				CLANG_WARN_BOOL_CONVERSION = YES;
				CLANG_WARN_CONSTANT_CONVERSION = YES;
				CLANG_WARN_DIRECT_OBJC_ISA_USAGE = YES_ERROR;
				CLANG_WARN_DOCUMENTATION_COMMENTS = YES;
				CLANG_WARN_EMPTY_BODY = YES;
				CLANG_WARN_ENUM_CONVERSION = YES;
				CLANG_WARN_INFINITE_RECURSION = YES;
				CLANG_WARN_INT_CONVERSION = YES;
				CLANG_WARN_OBJC_ROOT_CLASS = YES_ERROR;
				CLANG_WARN_SUSPICIOUS_MOVE = YES;
				CLANG_WARN_UNREACHABLE_CODE = YES;
				CLANG_WARN__DUPLICATE_METHOD_MATCH = YES;
				CODE_SIGN_IDENTITY = "-";
				COPY_PHASE_STRIP = NO;
				DEBUG_INFORMATION_FORMAT = "dwarf-with-dsym";
				ENABLE_NS_ASSERTIONS = NO;
				ENABLE_STRICT_OBJC_MSGSEND = YES;
				GCC_C_LANGUAGE_STANDARD = gnu99;
				GCC_NO_COMMON_BLOCKS = YES;
				GCC_WARN_64_TO_32_BIT_CONVERSION = YES;
				GCC_WARN_ABOUT_RETURN_TYPE = YES_ERROR;
				GCC_WARN_UNDECLARED_SELECTOR = YES;
				GCC_WARN_UNINITIALIZED_AUTOS = YES_AGGRESSIVE;
				GCC_WARN_UNUSED_FUNCTION = YES;
				GCC_WARN_UNUSED_VARIABLE = YES;
				MACOSX_DEPLOYMENT_TARGET = 10.12;
				MTL_ENABLE_DEBUG_INFO = NO;
				SDKROOT = macosx;
			};
			name = Release;
		};
		00EB45381E56474A00B6E9A7 /* Debug */ = {
			isa = XCBuildConfiguration;
			buildSettings = {
				EXECUTABLE_PREFIX = lib;
				HEADER_SEARCH_PATHS = "$(PROJECT_DIR)/../../include";
				LIBRARY_SEARCH_PATHS = "$(PROJECT_DIR)/../libs/lib/macOS";
				PRODUCT_NAME = "$(TARGET_NAME)";
				USER_HEADER_SEARCH_PATHS = "";
			};
			name = Debug;
		};
		00EB45391E56474A00B6E9A7 /* Release */ = {
			isa = XCBuildConfiguration;
			buildSettings = {
				EXECUTABLE_PREFIX = lib;
				HEADER_SEARCH_PATHS = "$(PROJECT_DIR)/../../include";
				LIBRARY_SEARCH_PATHS = "$(PROJECT_DIR)/../libs/lib/macOS";
				PRODUCT_NAME = "$(TARGET_NAME)";
				USER_HEADER_SEARCH_PATHS = "";
			};
			name = Release;
		};
/* End XCBuildConfiguration section */

/* Begin XCConfigurationList section */
		00EB452E1E56474A00B6E9A7 /* Build configuration list for PBXProject "2BytesNetworkLib" */ = {
			isa = XCConfigurationList;
			buildConfigurations = (
				00EB45351E56474A00B6E9A7 /* Debug */,
				00EB45361E56474A00B6E9A7 /* Release */,
			);
			defaultConfigurationIsVisible = 0;
			defaultConfigurationName = Release;
		};
		00EB45371E56474A00B6E9A7 /* Build configuration list for PBXNativeTarget "2BytesNetwork" */ = {
			isa = XCConfigurationList;
			buildConfigurations = (
				00EB45381E56474A00B6E9A7 /* Debug */,
				00EB45391E56474A00B6E9A7 /* Release */,
			);
			defaultConfigurationIsVisible = 0;
			defaultConfigurationName = Release;
		};
/* End XCConfigurationList section */
	};
	rootObject = 00EB452B1E56474A00B6E9A7 /* Project object */;
}
